
Microsoft Visual Studio Solution File, Format Version 12.00
# Visual Studio Version 17
VisualStudioVersion = 17.4.33213.308
MinimumVisualStudioVersion = 10.0.40219.1
Project("{8BC9CEB8-8B4A-11D0-8D11-00A0C91BC942}") = "230117", "230117\230117.vcxproj", "{B9528064-E411-43CC-8480-526156617E59}"
EndProject
Global
	GlobalSection(SolutionConfigurationPlatforms) = preSolution
		Debug|x64 = Debug|x64
		Debug|x86 = Debug|x86
		Release|x64 = Release|x64
		Release|x86 = Release|x86
	EndGlobalSection
	GlobalSection(ProjectConfigurationPlatforms) = postSolution
		{B9528064-E411-43CC-8480-526156617E59}.Debug|x64.ActiveCfg = Debug|x64
		{B9528064-E411-43CC-8480-526156617E59}.Debug|x64.Build.0 = Debug|x64
		{B9528064-E411-43CC-8480-526156617E59}.Debug|x86.ActiveCfg = Debug|Win32
		{B9528064-E411-43CC-8480-526156617E59}.Debug|x86.Build.0 = Debug|Win32
		{B9528064-E411-43CC-8480-526156617E59}.Release|x64.ActiveCfg = Release|x64
		{B9528064-E411-43CC-8480-526156617E59}.Release|x64.Build.0 = Release|x64
		{B9528064-E411-43CC-8480-526156617E59}.Release|x86.ActiveCfg = Release|Win32
		{B9528064-E411-43CC-8480-526156617E59}.Release|x86.Build.0 = Release|Win32
	EndGlobalSection
	GlobalSection(SolutionProperties) = preSolution
		HideSolutionNode = FALSE
	EndGlobalSection
	GlobalSection(ExtensibilityGlobals) = postSolution
		SolutionGuid = {058DEC20-77DD-4901-9640-08B3A3065805}
	EndGlobalSection
EndGlobal
